
Microsoft Visual Studio Solution File, Format Version 12.00
# Visual Studio Version 16
VisualStudioVersion = 16.0.809.8
MinimumVisualStudioVersion = 10.0.40219.1
Project("{FAE04EC0-301F-11D3-BF4B-00C04F79EFBC}") = "DellTest.Android", "DellTest.Android\DellTest.Android.csproj", "{7E4DA261-B348-4E45-8BE6-CDF7FA15FAA0}"
EndProject
Project("{FAE04EC0-301F-11D3-BF4B-00C04F79EFBC}") = "DellTest.iOS", "DellTest.iOS\DellTest.iOS.csproj", "{8A19EC43-EE55-45C6-8FAF-22494D95CE41}"
EndProject
Project("{FAE04EC0-301F-11D3-BF4B-00C04F79EFBC}") = "DellTest.Web", "DellTest.Web\DellTest.Web.csproj", "{1E55A96F-9C5F-4CF2-99A4-61223C011C10}"
EndProject
Project("{FAE04EC0-301F-11D3-BF4B-00C04F79EFBC}") = "DellTest.UITests", "DellTest.UITests\DellTest.UITests.csproj", "{A69EA415-FA05-4D8D-BD9B-182119EC5501}"
EndProject
Project("{FAE04EC0-301F-11D3-BF4B-00C04F79EFBC}") = "DellTest", "DellTest\DellTest.csproj", "{73BC6B54-9F3D-4CCD-A7DE-16BB1B75EE47}"
EndProject
Global
	GlobalSection(SolutionConfigurationPlatforms) = preSolution
		Debug|Any CPU = Debug|Any CPU
		Release|Any CPU = Release|Any CPU
		Debug|iPhoneSimulator = Debug|iPhoneSimulator
		Release|iPhoneSimulator = Release|iPhoneSimulator
		Debug|iPhone = Debug|iPhone
		Release|iPhone = Release|iPhone
	EndGlobalSection
	GlobalSection(ProjectConfigurationPlatforms) = postSolution
		{7E4DA261-B348-4E45-8BE6-CDF7FA15FAA0}.Debug|Any CPU.ActiveCfg = Debug|Any CPU
		{7E4DA261-B348-4E45-8BE6-CDF7FA15FAA0}.Debug|Any CPU.Build.0 = Debug|Any CPU
		{7E4DA261-B348-4E45-8BE6-CDF7FA15FAA0}.Release|Any CPU.ActiveCfg = Release|Any CPU
		{7E4DA261-B348-4E45-8BE6-CDF7FA15FAA0}.Release|Any CPU.Build.0 = Release|Any CPU
		{7E4DA261-B348-4E45-8BE6-CDF7FA15FAA0}.Debug|iPhoneSimulator.ActiveCfg = Debug|Any CPU
		{7E4DA261-B348-4E45-8BE6-CDF7FA15FAA0}.Debug|iPhoneSimulator.Build.0 = Debug|Any CPU
		{7E4DA261-B348-4E45-8BE6-CDF7FA15FAA0}.Release|iPhoneSimulator.ActiveCfg = Release|Any CPU
		{7E4DA261-B348-4E45-8BE6-CDF7FA15FAA0}.Release|iPhoneSimulator.Build.0 = Release|Any CPU
		{7E4DA261-B348-4E45-8BE6-CDF7FA15FAA0}.Debug|iPhone.ActiveCfg = Debug|Any CPU
		{7E4DA261-B348-4E45-8BE6-CDF7FA15FAA0}.Debug|iPhone.Build.0 = Debug|Any CPU
		{7E4DA261-B348-4E45-8BE6-CDF7FA15FAA0}.Release|iPhone.ActiveCfg = Release|Any CPU
		{7E4DA261-B348-4E45-8BE6-CDF7FA15FAA0}.Release|iPhone.Build.0 = Release|Any CPU
		{8A19EC43-EE55-45C6-8FAF-22494D95CE41}.Debug|Any CPU.ActiveCfg = Debug|iPhoneSimulator
		{8A19EC43-EE55-45C6-8FAF-22494D95CE41}.Debug|Any CPU.Build.0 = Debug|iPhoneSimulator
		{8A19EC43-EE55-45C6-8FAF-22494D95CE41}.Release|Any CPU.ActiveCfg = Release|iPhoneSimulator
		{8A19EC43-EE55-45C6-8FAF-22494D95CE41}.Release|Any CPU.Build.0 = Release|iPhoneSimulator
		{8A19EC43-EE55-45C6-8FAF-22494D95CE41}.Debug|iPhoneSimulator.ActiveCfg = Debug|iPhoneSimulator
		{8A19EC43-EE55-45C6-8FAF-22494D95CE41}.Debug|iPhoneSimulator.Build.0 = Debug|iPhoneSimulator
		{8A19EC43-EE55-45C6-8FAF-22494D95CE41}.Release|iPhoneSimulator.ActiveCfg = Release|iPhoneSimulator
		{8A19EC43-EE55-45C6-8FAF-22494D95CE41}.Release|iPhoneSimulator.Build.0 = Release|iPhoneSimulator
		{8A19EC43-EE55-45C6-8FAF-22494D95CE41}.Debug|iPhone.ActiveCfg = Debug|iPhone
		{8A19EC43-EE55-45C6-8FAF-22494D95CE41}.Debug|iPhone.Build.0 = Debug|iPhone
		{8A19EC43-EE55-45C6-8FAF-22494D95CE41}.Release|iPhone.ActiveCfg = Release|iPhone
		{8A19EC43-EE55-45C6-8FAF-22494D95CE41}.Release|iPhone.Build.0 = Release|iPhone
		{1E55A96F-9C5F-4CF2-99A4-61223C011C10}.Debug|Any CPU.ActiveCfg = Debug|Any CPU
		{1E55A96F-9C5F-4CF2-99A4-61223C011C10}.Debug|Any CPU.Build.0 = Debug|Any CPU
		{1E55A96F-9C5F-4CF2-99A4-61223C011C10}.Release|Any CPU.ActiveCfg = Release|Any CPU
		{1E55A96F-9C5F-4CF2-99A4-61223C011C10}.Release|Any CPU.Build.0 = Release|Any CPU
		{1E55A96F-9C5F-4CF2-99A4-61223C011C10}.Debug|iPhoneSimulator.ActiveCfg = Debug|Any CPU
		{1E55A96F-9C5F-4CF2-99A4-61223C011C10}.Debug|iPhoneSimulator.Build.0 = Debug|Any CPU
		{1E55A96F-9C5F-4CF2-99A4-61223C011C10}.Release|iPhoneSimulator.ActiveCfg = Release|Any CPU
		{1E55A96F-9C5F-4CF2-99A4-61223C011C10}.Release|iPhoneSimulator.Build.0 = Release|Any CPU
		{1E55A96F-9C5F-4CF2-99A4-61223C011C10}.Debug|iPhone.ActiveCfg = Debug|Any CPU
		{1E55A96F-9C5F-4CF2-99A4-61223C011C10}.Debug|iPhone.Build.0 = Debug|Any CPU
		{1E55A96F-9C5F-4CF2-99A4-61223C011C10}.Release|iPhone.ActiveCfg = Release|Any CPU
		{1E55A96F-9C5F-4CF2-99A4-61223C011C10}.Release|iPhone.Build.0 = Release|Any CPU
		{A69EA415-FA05-4D8D-BD9B-182119EC5501}.Debug|Any CPU.ActiveCfg = Debug|Any CPU
		{A69EA415-FA05-4D8D-BD9B-182119EC5501}.Debug|Any CPU.Build.0 = Debug|Any CPU
		{A69EA415-FA05-4D8D-BD9B-182119EC5501}.Release|Any CPU.ActiveCfg = Release|Any CPU
		{A69EA415-FA05-4D8D-BD9B-182119EC5501}.Release|Any CPU.Build.0 = Release|Any CPU
		{A69EA415-FA05-4D8D-BD9B-182119EC5501}.Debug|iPhoneSimulator.ActiveCfg = Debug|Any CPU
		{A69EA415-FA05-4D8D-BD9B-182119EC5501}.Debug|iPhoneSimulator.Build.0 = Debug|Any CPU
		{A69EA415-FA05-4D8D-BD9B-182119EC5501}.Release|iPhoneSimulator.ActiveCfg = Release|Any CPU
		{A69EA415-FA05-4D8D-BD9B-182119EC5501}.Release|iPhoneSimulator.Build.0 = Release|Any CPU
		{A69EA415-FA05-4D8D-BD9B-182119EC5501}.Debug|iPhone.ActiveCfg = Debug|Any CPU
		{A69EA415-FA05-4D8D-BD9B-182119EC5501}.Debug|iPhone.Build.0 = Debug|Any CPU
		{A69EA415-FA05-4D8D-BD9B-182119EC5501}.Release|iPhone.ActiveCfg = Release|Any CPU
		{A69EA415-FA05-4D8D-BD9B-182119EC5501}.Release|iPhone.Build.0 = Release|Any CPU
		{73BC6B54-9F3D-4CCD-A7DE-16BB1B75EE47}.Debug|Any CPU.ActiveCfg = Debug|Any CPU
		{73BC6B54-9F3D-4CCD-A7DE-16BB1B75EE47}.Debug|Any CPU.Build.0 = Debug|Any CPU
		{73BC6B54-9F3D-4CCD-A7DE-16BB1B75EE47}.Release|Any CPU.ActiveCfg = Release|Any CPU
		{73BC6B54-9F3D-4CCD-A7DE-16BB1B75EE47}.Release|Any CPU.Build.0 = Release|Any CPU
		{73BC6B54-9F3D-4CCD-A7DE-16BB1B75EE47}.Debug|iPhoneSimulator.ActiveCfg = Debug|Any CPU
		{73BC6B54-9F3D-4CCD-A7DE-16BB1B75EE47}.Debug|iPhoneSimulator.Build.0 = Debug|Any CPU
		{73BC6B54-9F3D-4CCD-A7DE-16BB1B75EE47}.Release|iPhoneSimulator.ActiveCfg = Release|Any CPU
		{73BC6B54-9F3D-4CCD-A7DE-16BB1B75EE47}.Release|iPhoneSimulator.Build.0 = Release|Any CPU
		{73BC6B54-9F3D-4CCD-A7DE-16BB1B75EE47}.Debug|iPhone.ActiveCfg = Debug|Any CPU
		{73BC6B54-9F3D-4CCD-A7DE-16BB1B75EE47}.Debug|iPhone.Build.0 = Debug|Any CPU
		{73BC6B54-9F3D-4CCD-A7DE-16BB1B75EE47}.Release|iPhone.ActiveCfg = Release|Any CPU
		{73BC6B54-9F3D-4CCD-A7DE-16BB1B75EE47}.Release|iPhone.Build.0 = Release|Any CPU
	EndGlobalSection
	GlobalSection(SolutionProperties) = preSolution
		HideSolutionNode = FALSE
	EndGlobalSection
	GlobalSection(ExtensibilityGlobals) = postSolution
		SolutionGuid = {24C50A29-8496-45EA-86E6-CA7F8578A290}
	EndGlobalSection
EndGlobal
